
Microsoft Visual Studio Solution File, Format Version 12.00
# Visual Studio 14
VisualStudioVersion = 14.0.25123.0
MinimumVisualStudioVersion = 10.0.40219.1
Project("{FAE04EC0-301F-11D3-BF4B-00C04F79EFBC}") = "Cap.Domain", "Cap.Domain\Cap.Domain.csproj", "{29550DE9-53C2-4533-AA6D-ECD6E708B2A4}"
EndProject
Project("{FAE04EC0-301F-11D3-BF4B-00C04F79EFBC}") = "Cap.Web", "Cap.Web\Cap.Web.csproj", "{EBB734CB-189B-452B-8F63-9915115B8645}"
EndProject
Project("{FAE04EC0-301F-11D3-BF4B-00C04F79EFBC}") = "Cap.Web.Tests", "Cap.Web.Tests\Cap.Web.Tests.csproj", "{D7089DF1-DC2F-4CDA-8721-E3B9C4F625F0}"
EndProject
Global
	GlobalSection(SolutionConfigurationPlatforms) = preSolution
		Debug|Any CPU = Debug|Any CPU
		Release|Any CPU = Release|Any CPU
	EndGlobalSection
	GlobalSection(ProjectConfigurationPlatforms) = postSolution
		{29550DE9-53C2-4533-AA6D-ECD6E708B2A4}.Debug|Any CPU.ActiveCfg = Debug|Any CPU
		{29550DE9-53C2-4533-AA6D-ECD6E708B2A4}.Debug|Any CPU.Build.0 = Debug|Any CPU
		{29550DE9-53C2-4533-AA6D-ECD6E708B2A4}.Release|Any CPU.ActiveCfg = Release|Any CPU
		{29550DE9-53C2-4533-AA6D-ECD6E708B2A4}.Release|Any CPU.Build.0 = Release|Any CPU
		{EBB734CB-189B-452B-8F63-9915115B8645}.Debug|Any CPU.ActiveCfg = Debug|Any CPU
		{EBB734CB-189B-452B-8F63-9915115B8645}.Debug|Any CPU.Build.0 = Debug|Any CPU
		{EBB734CB-189B-452B-8F63-9915115B8645}.Release|Any CPU.ActiveCfg = Release|Any CPU
		{EBB734CB-189B-452B-8F63-9915115B8645}.Release|Any CPU.Build.0 = Release|Any CPU
		{D7089DF1-DC2F-4CDA-8721-E3B9C4F625F0}.Debug|Any CPU.ActiveCfg = Debug|Any CPU
		{D7089DF1-DC2F-4CDA-8721-E3B9C4F625F0}.Debug|Any CPU.Build.0 = Debug|Any CPU
		{D7089DF1-DC2F-4CDA-8721-E3B9C4F625F0}.Release|Any CPU.ActiveCfg = Release|Any CPU
		{D7089DF1-DC2F-4CDA-8721-E3B9C4F625F0}.Release|Any CPU.Build.0 = Release|Any CPU
	EndGlobalSection
	GlobalSection(SolutionProperties) = preSolution
		HideSolutionNode = FALSE
	EndGlobalSection
EndGlobal
